
Microsoft Visual Studio Solution File, Format Version 12.00
# Visual Studio Version 17
VisualStudioVersion = 17.4.33122.133
MinimumVisualStudioVersion = 10.0.40219.1
Project("{FAE04EC0-301F-11D3-BF4B-00C04F79EFBC}") = "CO3015_Assignment3", "CO3015_Assignment3\CO3015_Assignment3.csproj", "{D5438958-5066-4F19-8144-D38D2B108F51}"
EndProject
Global
	GlobalSection(SolutionConfigurationPlatforms) = preSolution
		Debug|Any CPU = Debug|Any CPU
		Release|Any CPU = Release|Any CPU
	EndGlobalSection
	GlobalSection(ProjectConfigurationPlatforms) = postSolution
		{D5438958-5066-4F19-8144-D38D2B108F51}.Debug|Any CPU.ActiveCfg = Debug|Any CPU
		{D5438958-5066-4F19-8144-D38D2B108F51}.Debug|Any CPU.Build.0 = Debug|Any CPU
		{D5438958-5066-4F19-8144-D38D2B108F51}.Release|Any CPU.ActiveCfg = Release|Any CPU
		{D5438958-5066-4F19-8144-D38D2B108F51}.Release|Any CPU.Build.0 = Release|Any CPU
	EndGlobalSection
	GlobalSection(SolutionProperties) = preSolution
		HideSolutionNode = FALSE
	EndGlobalSection
	GlobalSection(ExtensibilityGlobals) = postSolution
		SolutionGuid = {1F1AFC68-DC80-4411-968D-2FA6727A27FF}
	EndGlobalSection
EndGlobal
